// !$*UTF8*$!
{
	archiveVersion = 1;
	classes = {
	};
	objectVersion = 46;
	objects = {

/* Begin PBXBuildFile section */
		5A3413778C8A715C35DE2801 /* libPods-travel-share.a in Frameworks */ = {isa = PBXBuildFile; fileRef = 3AA9EF0EC28AD7FF5E2E0C24 /* libPods-travel-share.a */; };
		CAA021F21AD0F01E003FA000 /* Alert.m in Sources */ = {isa = PBXBuildFile; fileRef = CAA021F11AD0F01E003FA000 /* Alert.m */; };
		CAA021F81AD11CFF003FA000 /* LoginManager.m in Sources */ = {isa = PBXBuildFile; fileRef = CAA021F71AD11CFF003FA000 /* LoginManager.m */; };
		CAA021FB1AD12D14003FA000 /* SettingController.m in Sources */ = {isa = PBXBuildFile; fileRef = CAA021FA1AD12D14003FA000 /* SettingController.m */; };
		CAB9383D1ACFE770009CAF12 /* SignUpController.m in Sources */ = {isa = PBXBuildFile; fileRef = CAB9383C1ACFE770009CAF12 /* SignUpController.m */; };
		CAEBBEEC1ACFB44E001D7186 /* main.m in Sources */ = {isa = PBXBuildFile; fileRef = CAEBBEEB1ACFB44E001D7186 /* main.m */; };
		CAEBBEEF1ACFB44E001D7186 /* AppDelegate.m in Sources */ = {isa = PBXBuildFile; fileRef = CAEBBEEE1ACFB44E001D7186 /* AppDelegate.m */; };
		CAEBBEF21ACFB44E001D7186 /* TravelListController.m in Sources */ = {isa = PBXBuildFile; fileRef = CAEBBEF11ACFB44E001D7186 /* TravelListController.m */; };
		CAEBBEF71ACFB44E001D7186 /* Images.xcassets in Resources */ = {isa = PBXBuildFile; fileRef = CAEBBEF61ACFB44E001D7186 /* Images.xcassets */; };
		CAEBBEFA1ACFB44E001D7186 /* LaunchScreen.xib in Resources */ = {isa = PBXBuildFile; fileRef = CAEBBEF81ACFB44E001D7186 /* LaunchScreen.xib */; };
		CAEBBF061ACFB44E001D7186 /* travel_shareTests.m in Sources */ = {isa = PBXBuildFile; fileRef = CAEBBF051ACFB44E001D7186 /* travel_shareTests.m */; };
		CAEBBF151ACFB544001D7186 /* Travel.m in Sources */ = {isa = PBXBuildFile; fileRef = CAEBBF141ACFB544001D7186 /* Travel.m */; };
		CAEBBF181ACFB6B4001D7186 /* Request.m in Sources */ = {isa = PBXBuildFile; fileRef = CAEBBF171ACFB6B4001D7186 /* Request.m */; };
		CAEBBF1B1ACFB95A001D7186 /* Notifications.m in Sources */ = {isa = PBXBuildFile; fileRef = CAEBBF1A1ACFB95A001D7186 /* Notifications.m */; };
		CAEBBF1F1ACFBA42001D7186 /* TravelTableViewDataSource.m in Sources */ = {isa = PBXBuildFile; fileRef = CAEBBF1E1ACFBA42001D7186 /* TravelTableViewDataSource.m */; };
		CAEBBF221ACFC7DB001D7186 /* TravelDetailController.m in Sources */ = {isa = PBXBuildFile; fileRef = CAEBBF211ACFC7DB001D7186 /* TravelDetailController.m */; };
		CAEBBF251ACFC885001D7186 /* TravelDetailView.m in Sources */ = {isa = PBXBuildFile; fileRef = CAEBBF241ACFC885001D7186 /* TravelDetailView.m */; };
		CAEBBF281ACFCBB5001D7186 /* SignInController.m in Sources */ = {isa = PBXBuildFile; fileRef = CAEBBF271ACFCBB5001D7186 /* SignInController.m */; };
/* End PBXBuildFile section */

/* Begin PBXContainerItemProxy section */
		CAEBBF001ACFB44E001D7186 /* PBXContainerItemProxy */ = {
			isa = PBXContainerItemProxy;
			containerPortal = CAEBBEDE1ACFB44E001D7186 /* Project object */;
			proxyType = 1;
			remoteGlobalIDString = CAEBBEE51ACFB44E001D7186;
			remoteInfo = "travel-share";
		};
/* End PBXContainerItemProxy section */

/* Begin PBXFileReference section */
		3AA9EF0EC28AD7FF5E2E0C24 /* libPods-travel-share.a */ = {isa = PBXFileReference; explicitFileType = archive.ar; includeInIndex = 0; path = "libPods-travel-share.a"; sourceTree = BUILT_PRODUCTS_DIR; };
		9CE361280104CF6EA66D325D /* Pods-travel-share.release.xcconfig */ = {isa = PBXFileReference; includeInIndex = 1; lastKnownFileType = text.xcconfig; name = "Pods-travel-share.release.xcconfig"; path = "Pods/Target Support Files/Pods-travel-share/Pods-travel-share.release.xcconfig"; sourceTree = "<group>"; };
		CA7DB8D11AD0E708008B6C85 /* travel-share-Prefix.pch */ = {isa = PBXFileReference; lastKnownFileType = sourcecode.c.h; path = "travel-share-Prefix.pch"; sourceTree = "<group>"; };
		CAA021F01AD0F01E003FA000 /* Alert.h */ = {isa = PBXFileReference; fileEncoding = 4; lastKnownFileType = sourcecode.c.h; path = Alert.h; sourceTree = "<group>"; };
		CAA021F11AD0F01E003FA000 /* Alert.m */ = {isa = PBXFileReference; fileEncoding = 4; lastKnownFileType = sourcecode.c.objc; path = Alert.m; sourceTree = "<group>"; };
		CAA021F61AD11CFF003FA000 /* LoginManager.h */ = {isa = PBXFileReference; fileEncoding = 4; lastKnownFileType = sourcecode.c.h; path = LoginManager.h; sourceTree = "<group>"; };
		CAA021F71AD11CFF003FA000 /* LoginManager.m */ = {isa = PBXFileReference; fileEncoding = 4; lastKnownFileType = sourcecode.c.objc; path = LoginManager.m; sourceTree = "<group>"; };
		CAA021F91AD12D14003FA000 /* SettingController.h */ = {isa = PBXFileReference; fileEncoding = 4; lastKnownFileType = sourcecode.c.h; path = SettingController.h; sourceTree = "<group>"; };
		CAA021FA1AD12D14003FA000 /* SettingController.m */ = {isa = PBXFileReference; fileEncoding = 4; lastKnownFileType = sourcecode.c.objc; path = SettingController.m; sourceTree = "<group>"; };
		CAB9383B1ACFE770009CAF12 /* SignUpController.h */ = {isa = PBXFileReference; fileEncoding = 4; lastKnownFileType = sourcecode.c.h; path = SignUpController.h; sourceTree = "<group>"; };
		CAB9383C1ACFE770009CAF12 /* SignUpController.m */ = {isa = PBXFileReference; fileEncoding = 4; lastKnownFileType = sourcecode.c.objc; path = SignUpController.m; sourceTree = "<group>"; };
		CAEBBEE61ACFB44E001D7186 /* travel-share.app */ = {isa = PBXFileReference; explicitFileType = wrapper.application; includeInIndex = 0; path = "travel-share.app"; sourceTree = BUILT_PRODUCTS_DIR; };
		CAEBBEEA1ACFB44E001D7186 /* Info.plist */ = {isa = PBXFileReference; lastKnownFileType = text.plist.xml; path = Info.plist; sourceTree = "<group>"; };
		CAEBBEEB1ACFB44E001D7186 /* main.m */ = {isa = PBXFileReference; lastKnownFileType = sourcecode.c.objc; path = main.m; sourceTree = "<group>"; };
		CAEBBEED1ACFB44E001D7186 /* AppDelegate.h */ = {isa = PBXFileReference; lastKnownFileType = sourcecode.c.h; path = AppDelegate.h; sourceTree = "<group>"; };
		CAEBBEEE1ACFB44E001D7186 /* AppDelegate.m */ = {isa = PBXFileReference; lastKnownFileType = sourcecode.c.objc; path = AppDelegate.m; sourceTree = "<group>"; };
		CAEBBEF01ACFB44E001D7186 /* TravelListController.h */ = {isa = PBXFileReference; lastKnownFileType = sourcecode.c.h; path = TravelListController.h; sourceTree = "<group>"; };
		CAEBBEF11ACFB44E001D7186 /* TravelListController.m */ = {isa = PBXFileReference; lastKnownFileType = sourcecode.c.objc; path = TravelListController.m; sourceTree = "<group>"; };
		CAEBBEF61ACFB44E001D7186 /* Images.xcassets */ = {isa = PBXFileReference; lastKnownFileType = folder.assetcatalog; path = Images.xcassets; sourceTree = "<group>"; };
		CAEBBEF91ACFB44E001D7186 /* Base */ = {isa = PBXFileReference; lastKnownFileType = file.xib; name = Base; path = Base.lproj/LaunchScreen.xib; sourceTree = "<group>"; };
		CAEBBEFF1ACFB44E001D7186 /* travel-shareTests.xctest */ = {isa = PBXFileReference; explicitFileType = wrapper.cfbundle; includeInIndex = 0; path = "travel-shareTests.xctest"; sourceTree = BUILT_PRODUCTS_DIR; };
		CAEBBF041ACFB44E001D7186 /* Info.plist */ = {isa = PBXFileReference; lastKnownFileType = text.plist.xml; path = Info.plist; sourceTree = "<group>"; };
		CAEBBF051ACFB44E001D7186 /* travel_shareTests.m */ = {isa = PBXFileReference; lastKnownFileType = sourcecode.c.objc; path = travel_shareTests.m; sourceTree = "<group>"; };
		CAEBBF131ACFB544001D7186 /* Travel.h */ = {isa = PBXFileReference; fileEncoding = 4; lastKnownFileType = sourcecode.c.h; path = Travel.h; sourceTree = "<group>"; };
		CAEBBF141ACFB544001D7186 /* Travel.m */ = {isa = PBXFileReference; fileEncoding = 4; lastKnownFileType = sourcecode.c.objc; path = Travel.m; sourceTree = "<group>"; };
		CAEBBF161ACFB6B4001D7186 /* Request.h */ = {isa = PBXFileReference; fileEncoding = 4; lastKnownFileType = sourcecode.c.h; path = Request.h; sourceTree = "<group>"; };
		CAEBBF171ACFB6B4001D7186 /* Request.m */ = {isa = PBXFileReference; fileEncoding = 4; lastKnownFileType = sourcecode.c.objc; path = Request.m; sourceTree = "<group>"; };
		CAEBBF191ACFB95A001D7186 /* Notifications.h */ = {isa = PBXFileReference; fileEncoding = 4; lastKnownFileType = sourcecode.c.h; path = Notifications.h; sourceTree = "<group>"; };
		CAEBBF1A1ACFB95A001D7186 /* Notifications.m */ = {isa = PBXFileReference; fileEncoding = 4; lastKnownFileType = sourcecode.c.objc; path = Notifications.m; sourceTree = "<group>"; };
		CAEBBF1D1ACFBA42001D7186 /* TravelTableViewDataSource.h */ = {isa = PBXFileReference; fileEncoding = 4; lastKnownFileType = sourcecode.c.h; path = TravelTableViewDataSource.h; sourceTree = "<group>"; };
		CAEBBF1E1ACFBA42001D7186 /* TravelTableViewDataSource.m */ = {isa = PBXFileReference; fileEncoding = 4; lastKnownFileType = sourcecode.c.objc; path = TravelTableViewDataSource.m; sourceTree = "<group>"; };
		CAEBBF201ACFC7DB001D7186 /* TravelDetailController.h */ = {isa = PBXFileReference; fileEncoding = 4; lastKnownFileType = sourcecode.c.h; path = TravelDetailController.h; sourceTree = "<group>"; };
		CAEBBF211ACFC7DB001D7186 /* TravelDetailController.m */ = {isa = PBXFileReference; fileEncoding = 4; lastKnownFileType = sourcecode.c.objc; path = TravelDetailController.m; sourceTree = "<group>"; };
		CAEBBF231ACFC885001D7186 /* TravelDetailView.h */ = {isa = PBXFileReference; fileEncoding = 4; lastKnownFileType = sourcecode.c.h; path = TravelDetailView.h; sourceTree = "<group>"; };
		CAEBBF241ACFC885001D7186 /* TravelDetailView.m */ = {isa = PBXFileReference; fileEncoding = 4; lastKnownFileType = sourcecode.c.objc; path = TravelDetailView.m; sourceTree = "<group>"; };
		CAEBBF261ACFCBB5001D7186 /* SignInController.h */ = {isa = PBXFileReference; fileEncoding = 4; lastKnownFileType = sourcecode.c.h; path = SignInController.h; sourceTree = "<group>"; };
		CAEBBF271ACFCBB5001D7186 /* SignInController.m */ = {isa = PBXFileReference; fileEncoding = 4; lastKnownFileType = sourcecode.c.objc; path = SignInController.m; sourceTree = "<group>"; };
		F5E10EDA1A47608847659A2A /* Pods-travel-share.debug.xcconfig */ = {isa = PBXFileReference; includeInIndex = 1; lastKnownFileType = text.xcconfig; name = "Pods-travel-share.debug.xcconfig"; path = "Pods/Target Support Files/Pods-travel-share/Pods-travel-share.debug.xcconfig"; sourceTree = "<group>"; };
/* End PBXFileReference section */

/* Begin PBXFrameworksBuildPhase section */
		CAEBBEE31ACFB44E001D7186 /* Frameworks */ = {
			isa = PBXFrameworksBuildPhase;
			buildActionMask = 2147483647;
			files = (
				5A3413778C8A715C35DE2801 /* libPods-travel-share.a in Frameworks */,
			);
			runOnlyForDeploymentPostprocessing = 0;
		};
		CAEBBEFC1ACFB44E001D7186 /* Frameworks */ = {
			isa = PBXFrameworksBuildPhase;
			buildActionMask = 2147483647;
			files = (
			);
			runOnlyForDeploymentPostprocessing = 0;
		};
/* End PBXFrameworksBuildPhase section */

/* Begin PBXGroup section */
		54D99D6E54B6AAF6D82A48F8 /* Frameworks */ = {
			isa = PBXGroup;
			children = (
				3AA9EF0EC28AD7FF5E2E0C24 /* libPods-travel-share.a */,
			);
			name = Frameworks;
			sourceTree = "<group>";
		};
		7E08AC2BF6AD67D1C861CDC1 /* Pods */ = {
			isa = PBXGroup;
			children = (
				F5E10EDA1A47608847659A2A /* Pods-travel-share.debug.xcconfig */,
				9CE361280104CF6EA66D325D /* Pods-travel-share.release.xcconfig */,
			);
			name = Pods;
			sourceTree = "<group>";
		};
		CAA021EC1AD0EFA4003FA000 /* Util */ = {
			isa = PBXGroup;
			children = (
				CAA021F01AD0F01E003FA000 /* Alert.h */,
				CAA021F11AD0F01E003FA000 /* Alert.m */,
				CAA021F61AD11CFF003FA000 /* LoginManager.h */,
				CAA021F71AD11CFF003FA000 /* LoginManager.m */,
			);
			name = Util;
			sourceTree = "<group>";
		};
		CAB938391ACFE743009CAF12 /* Auth */ = {
			isa = PBXGroup;
			children = (
				CAA021F91AD12D14003FA000 /* SettingController.h */,
				CAA021FA1AD12D14003FA000 /* SettingController.m */,
				CAEBBF261ACFCBB5001D7186 /* SignInController.h */,
				CAEBBF271ACFCBB5001D7186 /* SignInController.m */,
				CAB9383B1ACFE770009CAF12 /* SignUpController.h */,
				CAB9383C1ACFE770009CAF12 /* SignUpController.m */,
			);
			name = Auth;
			sourceTree = "<group>";
		};
		CAB9383A1ACFE753009CAF12 /* Travel */ = {
			isa = PBXGroup;
			children = (
				CAEBBF1C1ACFBA17001D7186 /* DataSource */,
				CAEBBF121ACFB485001D7186 /* View */,
				CAEBBEF01ACFB44E001D7186 /* TravelListController.h */,
				CAEBBEF11ACFB44E001D7186 /* TravelListController.m */,
				CAEBBF201ACFC7DB001D7186 /* TravelDetailController.h */,
				CAEBBF211ACFC7DB001D7186 /* TravelDetailController.m */,
			);
			name = Travel;
			sourceTree = "<group>";
		};
		CAEBBEDD1ACFB44E001D7186 = {
			isa = PBXGroup;
			children = (
				CAEBBEE81ACFB44E001D7186 /* travel-share */,
				CAEBBF021ACFB44E001D7186 /* travel-shareTests */,
				CAEBBEE71ACFB44E001D7186 /* Products */,
				7E08AC2BF6AD67D1C861CDC1 /* Pods */,
				54D99D6E54B6AAF6D82A48F8 /* Frameworks */,
			);
			sourceTree = "<group>";
		};
		CAEBBEE71ACFB44E001D7186 /* Products */ = {
			isa = PBXGroup;
			children = (
				CAEBBEE61ACFB44E001D7186 /* travel-share.app */,
				CAEBBEFF1ACFB44E001D7186 /* travel-shareTests.xctest */,
			);
			name = Products;
			sourceTree = "<group>";
		};
		CAEBBEE81ACFB44E001D7186 /* travel-share */ = {
			isa = PBXGroup;
			children = (
				CAEBBF111ACFB47D001D7186 /* Application */,
				CAEBBF101ACFB477001D7186 /* Controller */,
				CAEBBF0F1ACFB471001D7186 /* Model */,
				CAA021EC1AD0EFA4003FA000 /* Util */,
				CAEBBEF61ACFB44E001D7186 /* Images.xcassets */,
				CAEBBEF81ACFB44E001D7186 /* LaunchScreen.xib */,
				CAEBBEE91ACFB44E001D7186 /* Supporting Files */,
			);
			path = "travel-share";
			sourceTree = "<group>";
		};
		CAEBBEE91ACFB44E001D7186 /* Supporting Files */ = {
			isa = PBXGroup;
			children = (
				CAEBBEEA1ACFB44E001D7186 /* Info.plist */,
				CAEBBEEB1ACFB44E001D7186 /* main.m */,
			);
			name = "Supporting Files";
			sourceTree = "<group>";
		};
		CAEBBF021ACFB44E001D7186 /* travel-shareTests */ = {
			isa = PBXGroup;
			children = (
				CAEBBF051ACFB44E001D7186 /* travel_shareTests.m */,
				CAEBBF031ACFB44E001D7186 /* Supporting Files */,
			);
			path = "travel-shareTests";
			sourceTree = "<group>";
		};
		CAEBBF031ACFB44E001D7186 /* Supporting Files */ = {
			isa = PBXGroup;
			children = (
				CAEBBF041ACFB44E001D7186 /* Info.plist */,
			);
			name = "Supporting Files";
			sourceTree = "<group>";
		};
		CAEBBF0F1ACFB471001D7186 /* Model */ = {
			isa = PBXGroup;
			children = (
				CAEBBF161ACFB6B4001D7186 /* Request.h */,
				CAEBBF171ACFB6B4001D7186 /* Request.m */,
				CAEBBF131ACFB544001D7186 /* Travel.h */,
				CAEBBF141ACFB544001D7186 /* Travel.m */,
			);
			name = Model;
			sourceTree = "<group>";
		};
		CAEBBF101ACFB477001D7186 /* Controller */ = {
			isa = PBXGroup;
			children = (
				CAB938391ACFE743009CAF12 /* Auth */,
				CAB9383A1ACFE753009CAF12 /* Travel */,
			);
			name = Controller;
			sourceTree = "<group>";
		};
		CAEBBF111ACFB47D001D7186 /* Application */ = {
			isa = PBXGroup;
			children = (
				CA7DB8D11AD0E708008B6C85 /* travel-share-Prefix.pch */,
				CAEBBEED1ACFB44E001D7186 /* AppDelegate.h */,
				CAEBBEEE1ACFB44E001D7186 /* AppDelegate.m */,
				CAEBBF191ACFB95A001D7186 /* Notifications.h */,
				CAEBBF1A1ACFB95A001D7186 /* Notifications.m */,
			);
			name = Application;
			sourceTree = "<group>";
		};
		CAEBBF121ACFB485001D7186 /* View */ = {
			isa = PBXGroup;
			children = (
				CAEBBF231ACFC885001D7186 /* TravelDetailView.h */,
				CAEBBF241ACFC885001D7186 /* TravelDetailView.m */,
			);
			name = View;
			sourceTree = "<group>";
		};
		CAEBBF1C1ACFBA17001D7186 /* DataSource */ = {
			isa = PBXGroup;
			children = (
				CAEBBF1D1ACFBA42001D7186 /* TravelTableViewDataSource.h */,
				CAEBBF1E1ACFBA42001D7186 /* TravelTableViewDataSource.m */,
			);
			name = DataSource;
			sourceTree = "<group>";
		};
/* End PBXGroup section */

/* Begin PBXNativeTarget section */
		CAEBBEE51ACFB44E001D7186 /* travel-share */ = {
			isa = PBXNativeTarget;
			buildConfigurationList = CAEBBF091ACFB44E001D7186 /* Build configuration list for PBXNativeTarget "travel-share" */;
			buildPhases = (
				8950EA6B7858AE5DEEF500AB /* Check Pods Manifest.lock */,
				CAEBBEE21ACFB44E001D7186 /* Sources */,
				CAEBBEE31ACFB44E001D7186 /* Frameworks */,
				CAEBBEE41ACFB44E001D7186 /* Resources */,
				77C7A46CE726383537D85C82 /* Copy Pods Resources */,
			);
			buildRules = (
			);
			dependencies = (
			);
			name = "travel-share";
			productName = "travel-share";
			productReference = CAEBBEE61ACFB44E001D7186 /* travel-share.app */;
			productType = "com.apple.product-type.application";
		};
		CAEBBEFE1ACFB44E001D7186 /* travel-shareTests */ = {
			isa = PBXNativeTarget;
			buildConfigurationList = CAEBBF0C1ACFB44E001D7186 /* Build configuration list for PBXNativeTarget "travel-shareTests" */;
			buildPhases = (
				CAEBBEFB1ACFB44E001D7186 /* Sources */,
				CAEBBEFC1ACFB44E001D7186 /* Frameworks */,
				CAEBBEFD1ACFB44E001D7186 /* Resources */,
			);
			buildRules = (
			);
			dependencies = (
				CAEBBF011ACFB44E001D7186 /* PBXTargetDependency */,
			);
			name = "travel-shareTests";
			productName = "travel-shareTests";
			productReference = CAEBBEFF1ACFB44E001D7186 /* travel-shareTests.xctest */;
			productType = "com.apple.product-type.bundle.unit-test";
		};
/* End PBXNativeTarget section */

/* Begin PBXProject section */
		CAEBBEDE1ACFB44E001D7186 /* Project object */ = {
			isa = PBXProject;
			attributes = {
				LastUpgradeCheck = 0620;
				ORGANIZATIONNAME = sho;
				TargetAttributes = {
					CAEBBEE51ACFB44E001D7186 = {
						CreatedOnToolsVersion = 6.2;
					};
					CAEBBEFE1ACFB44E001D7186 = {
						CreatedOnToolsVersion = 6.2;
						TestTargetID = CAEBBEE51ACFB44E001D7186;
					};
				};
			};
			buildConfigurationList = CAEBBEE11ACFB44E001D7186 /* Build configuration list for PBXProject "travel-share" */;
			compatibilityVersion = "Xcode 3.2";
			developmentRegion = English;
			hasScannedForEncodings = 0;
			knownRegions = (
				en,
				Base,
			);
			mainGroup = CAEBBEDD1ACFB44E001D7186;
			productRefGroup = CAEBBEE71ACFB44E001D7186 /* Products */;
			projectDirPath = "";
			projectRoot = "";
			targets = (
				CAEBBEE51ACFB44E001D7186 /* travel-share */,
				CAEBBEFE1ACFB44E001D7186 /* travel-shareTests */,
			);
		};
/* End PBXProject section */

/* Begin PBXResourcesBuildPhase section */
		CAEBBEE41ACFB44E001D7186 /* Resources */ = {
			isa = PBXResourcesBuildPhase;
			buildActionMask = 2147483647;
			files = (
				CAEBBEFA1ACFB44E001D7186 /* LaunchScreen.xib in Resources */,
				CAEBBEF71ACFB44E001D7186 /* Images.xcassets in Resources */,
			);
			runOnlyForDeploymentPostprocessing = 0;
		};
		CAEBBEFD1ACFB44E001D7186 /* Resources */ = {
			isa = PBXResourcesBuildPhase;
			buildActionMask = 2147483647;
			files = (
			);
			runOnlyForDeploymentPostprocessing = 0;
		};
/* End PBXResourcesBuildPhase section */

/* Begin PBXShellScriptBuildPhase section */
		77C7A46CE726383537D85C82 /* Copy Pods Resources */ = {
			isa = PBXShellScriptBuildPhase;
			buildActionMask = 2147483647;
			files = (
			);
			inputPaths = (
			);
			name = "Copy Pods Resources";
			outputPaths = (
			);
			runOnlyForDeploymentPostprocessing = 0;
			shellPath = /bin/sh;
			shellScript = "\"${SRCROOT}/Pods/Target Support Files/Pods-travel-share/Pods-travel-share-resources.sh\"\n";
			showEnvVarsInLog = 0;
		};
		8950EA6B7858AE5DEEF500AB /* Check Pods Manifest.lock */ = {
			isa = PBXShellScriptBuildPhase;
			buildActionMask = 2147483647;
			files = (
			);
			inputPaths = (
			);
			name = "Check Pods Manifest.lock";
			outputPaths = (
			);
			runOnlyForDeploymentPostprocessing = 0;
			shellPath = /bin/sh;
			shellScript = "diff \"${PODS_ROOT}/../Podfile.lock\" \"${PODS_ROOT}/Manifest.lock\" > /dev/null\nif [[ $? != 0 ]] ; then\n    cat << EOM\nerror: The sandbox is not in sync with the Podfile.lock. Run 'pod install' or update your CocoaPods installation.\nEOM\n    exit 1\nfi\n";
			showEnvVarsInLog = 0;
		};
/* End PBXShellScriptBuildPhase section */

/* Begin PBXSourcesBuildPhase section */
		CAEBBEE21ACFB44E001D7186 /* Sources */ = {
			isa = PBXSourcesBuildPhase;
			buildActionMask = 2147483647;
			files = (
				CAEBBF221ACFC7DB001D7186 /* TravelDetailController.m in Sources */,
				CAEBBEF21ACFB44E001D7186 /* TravelListController.m in Sources */,
				CAEBBF181ACFB6B4001D7186 /* Request.m in Sources */,
				CAEBBF151ACFB544001D7186 /* Travel.m in Sources */,
				CAEBBF251ACFC885001D7186 /* TravelDetailView.m in Sources */,
				CAEBBF281ACFCBB5001D7186 /* SignInController.m in Sources */,
				CAA021F81AD11CFF003FA000 /* LoginManager.m in Sources */,
				CAA021FB1AD12D14003FA000 /* SettingController.m in Sources */,
				CAEBBEEF1ACFB44E001D7186 /* AppDelegate.m in Sources */,
				CAEBBF1B1ACFB95A001D7186 /* Notifications.m in Sources */,
				CAEBBEEC1ACFB44E001D7186 /* main.m in Sources */,
				CAB9383D1ACFE770009CAF12 /* SignUpController.m in Sources */,
				CAEBBF1F1ACFBA42001D7186 /* TravelTableViewDataSource.m in Sources */,
				CAA021F21AD0F01E003FA000 /* Alert.m in Sources */,
			);
			runOnlyForDeploymentPostprocessing = 0;
		};
		CAEBBEFB1ACFB44E001D7186 /* Sources */ = {
			isa = PBXSourcesBuildPhase;
			buildActionMask = 2147483647;
			files = (
				CAEBBF061ACFB44E001D7186 /* travel_shareTests.m in Sources */,
			);
			runOnlyForDeploymentPostprocessing = 0;
		};
/* End PBXSourcesBuildPhase section */

/* Begin PBXTargetDependency section */
		CAEBBF011ACFB44E001D7186 /* PBXTargetDependency */ = {
			isa = PBXTargetDependency;
			target = CAEBBEE51ACFB44E001D7186 /* travel-share */;
			targetProxy = CAEBBF001ACFB44E001D7186 /* PBXContainerItemProxy */;
		};
/* End PBXTargetDependency section */

/* Begin PBXVariantGroup section */
		CAEBBEF81ACFB44E001D7186 /* LaunchScreen.xib */ = {
			isa = PBXVariantGroup;
			children = (
				CAEBBEF91ACFB44E001D7186 /* Base */,
			);
			name = LaunchScreen.xib;
			sourceTree = "<group>";
		};
/* End PBXVariantGroup section */

/* Begin XCBuildConfiguration section */
		CAEBBF071ACFB44E001D7186 /* Debug */ = {
			isa = XCBuildConfiguration;
			buildSettings = {
				ALWAYS_SEARCH_USER_PATHS = NO;
				CLANG_CXX_LANGUAGE_STANDARD = "gnu++0x";
				CLANG_CXX_LIBRARY = "libc++";
				CLANG_ENABLE_MODULES = YES;
				CLANG_ENABLE_OBJC_ARC = YES;
				CLANG_WARN_BOOL_CONVERSION = YES;
				CLANG_WARN_CONSTANT_CONVERSION = YES;
				CLANG_WARN_DIRECT_OBJC_ISA_USAGE = YES_ERROR;
				CLANG_WARN_EMPTY_BODY = YES;
				CLANG_WARN_ENUM_CONVERSION = YES;
				CLANG_WARN_INT_CONVERSION = YES;
				CLANG_WARN_OBJC_ROOT_CLASS = YES_ERROR;
				CLANG_WARN_UNREACHABLE_CODE = YES;
				CLANG_WARN__DUPLICATE_METHOD_MATCH = YES;
				"CODE_SIGN_IDENTITY[sdk=iphoneos*]" = "iPhone Developer";
				COPY_PHASE_STRIP = NO;
				ENABLE_STRICT_OBJC_MSGSEND = YES;
				GCC_C_LANGUAGE_STANDARD = gnu99;
				GCC_DYNAMIC_NO_PIC = NO;
				GCC_OPTIMIZATION_LEVEL = 0;
				GCC_PREPROCESSOR_DEFINITIONS = (
					"DEBUG=1",
					"$(inherited)",
				);
				GCC_SYMBOLS_PRIVATE_EXTERN = NO;
				GCC_WARN_64_TO_32_BIT_CONVERSION = YES;
				GCC_WARN_ABOUT_RETURN_TYPE = YES_ERROR;
				GCC_WARN_UNDECLARED_SELECTOR = YES;
				GCC_WARN_UNINITIALIZED_AUTOS = YES_AGGRESSIVE;
				GCC_WARN_UNUSED_FUNCTION = YES;
				GCC_WARN_UNUSED_VARIABLE = YES;
				IPHONEOS_DEPLOYMENT_TARGET = 8.2;
				MTL_ENABLE_DEBUG_INFO = YES;
				ONLY_ACTIVE_ARCH = YES;
				SDKROOT = iphoneos;
			};
			name = Debug;
		};
		CAEBBF081ACFB44E001D7186 /* Release */ = {
			isa = XCBuildConfiguration;
			buildSettings = {
				ALWAYS_SEARCH_USER_PATHS = NO;
				CLANG_CXX_LANGUAGE_STANDARD = "gnu++0x";
				CLANG_CXX_LIBRARY = "libc++";
				CLANG_ENABLE_MODULES = YES;
				CLANG_ENABLE_OBJC_ARC = YES;
				CLANG_WARN_BOOL_CONVERSION = YES;
				CLANG_WARN_CONSTANT_CONVERSION = YES;
				CLANG_WARN_DIRECT_OBJC_ISA_USAGE = YES_ERROR;
				CLANG_WARN_EMPTY_BODY = YES;
				CLANG_WARN_ENUM_CONVERSION = YES;
				CLANG_WARN_INT_CONVERSION = YES;
				CLANG_WARN_OBJC_ROOT_CLASS = YES_ERROR;
				CLANG_WARN_UNREACHABLE_CODE = YES;
				CLANG_WARN__DUPLICATE_METHOD_MATCH = YES;
				"CODE_SIGN_IDENTITY[sdk=iphoneos*]" = "iPhone Developer";
				COPY_PHASE_STRIP = NO;
				ENABLE_NS_ASSERTIONS = NO;
				ENABLE_STRICT_OBJC_MSGSEND = YES;
				GCC_C_LANGUAGE_STANDARD = gnu99;
				GCC_WARN_64_TO_32_BIT_CONVERSION = YES;
				GCC_WARN_ABOUT_RETURN_TYPE = YES_ERROR;
				GCC_WARN_UNDECLARED_SELECTOR = YES;
				GCC_WARN_UNINITIALIZED_AUTOS = YES_AGGRESSIVE;
				GCC_WARN_UNUSED_FUNCTION = YES;
				GCC_WARN_UNUSED_VARIABLE = YES;
				IPHONEOS_DEPLOYMENT_TARGET = 8.2;
				MTL_ENABLE_DEBUG_INFO = NO;
				SDKROOT = iphoneos;
				VALIDATE_PRODUCT = YES;
			};
			name = Release;
		};
		CAEBBF0A1ACFB44E001D7186 /* Debug */ = {
			isa = XCBuildConfiguration;
			baseConfigurationReference = F5E10EDA1A47608847659A2A /* Pods-travel-share.debug.xcconfig */;
			buildSettings = {
				ASSETCATALOG_COMPILER_APPICON_NAME = AppIcon;
				GCC_PRECOMPILE_PREFIX_HEADER = NO;
				GCC_PREFIX_HEADER = "travel-share/travel-share-Prefix.pch";
				INFOPLIST_FILE = "travel-share/Info.plist";
				LD_RUNPATH_SEARCH_PATHS = "$(inherited) @executable_path/Frameworks";
				PRODUCT_NAME = "$(TARGET_NAME)";
			};
			name = Debug;
		};
		CAEBBF0B1ACFB44E001D7186 /* Release */ = {
			isa = XCBuildConfiguration;
			baseConfigurationReference = 9CE361280104CF6EA66D325D /* Pods-travel-share.release.xcconfig */;
			buildSettings = {
				ASSETCATALOG_COMPILER_APPICON_NAME = AppIcon;
				GCC_PRECOMPILE_PREFIX_HEADER = NO;
				GCC_PREFIX_HEADER = "travel-share/travel-share-Prefix.pch";
				INFOPLIST_FILE = "travel-share/Info.plist";
				LD_RUNPATH_SEARCH_PATHS = "$(inherited) @executable_path/Frameworks";
				PRODUCT_NAME = "$(TARGET_NAME)";
			};
			name = Release;
		};
		CAEBBF0D1ACFB44E001D7186 /* Debug */ = {
			isa = XCBuildConfiguration;
			buildSettings = {
				BUNDLE_LOADER = "$(TEST_HOST)";
				FRAMEWORK_SEARCH_PATHS = (
					"$(SDKROOT)/Developer/Library/Frameworks",
					"$(inherited)",
				);
				GCC_PREPROCESSOR_DEFINITIONS = (
					"DEBUG=1",
					"$(inherited)",
				);
				INFOPLIST_FILE = "travel-shareTests/Info.plist";
				LD_RUNPATH_SEARCH_PATHS = "$(inherited) @executable_path/Frameworks @loader_path/Frameworks";
				PRODUCT_NAME = "$(TARGET_NAME)";
				TEST_HOST = "$(BUILT_PRODUCTS_DIR)/travel-share.app/travel-share";
			};
			name = Debug;
		};
		CAEBBF0E1ACFB44E001D7186 /* Release */ = {
			isa = XCBuildConfiguration;
			buildSettings = {
				BUNDLE_LOADER = "$(TEST_HOST)";
				FRAMEWORK_SEARCH_PATHS = (
					"$(SDKROOT)/Developer/Library/Frameworks",
					"$(inherited)",
				);
				INFOPLIST_FILE = "travel-shareTests/Info.plist";
				LD_RUNPATH_SEARCH_PATHS = "$(inherited) @executable_path/Frameworks @loader_path/Frameworks";
				PRODUCT_NAME = "$(TARGET_NAME)";
				TEST_HOST = "$(BUILT_PRODUCTS_DIR)/travel-share.app/travel-share";
			};
			name = Release;
		};
/* End XCBuildConfiguration section */

/* Begin XCConfigurationList section */
		CAEBBEE11ACFB44E001D7186 /* Build configuration list for PBXProject "travel-share" */ = {
			isa = XCConfigurationList;
			buildConfigurations = (
				CAEBBF071ACFB44E001D7186 /* Debug */,
				CAEBBF081ACFB44E001D7186 /* Release */,
			);
			defaultConfigurationIsVisible = 0;
			defaultConfigurationName = Release;
		};
		CAEBBF091ACFB44E001D7186 /* Build configuration list for PBXNativeTarget "travel-share" */ = {
			isa = XCConfigurationList;
			buildConfigurations = (
				CAEBBF0A1ACFB44E001D7186 /* Debug */,
				CAEBBF0B1ACFB44E001D7186 /* Release */,
			);
			defaultConfigurationIsVisible = 0;
			defaultConfigurationName = Release;
		};
		CAEBBF0C1ACFB44E001D7186 /* Build configuration list for PBXNativeTarget "travel-shareTests" */ = {
			isa = XCConfigurationList;
			buildConfigurations = (
				CAEBBF0D1ACFB44E001D7186 /* Debug */,
				CAEBBF0E1ACFB44E001D7186 /* Release */,
			);
			defaultConfigurationIsVisible = 0;
			defaultConfigurationName = Release;
		};
/* End XCConfigurationList section */
	};
	rootObject = CAEBBEDE1ACFB44E001D7186 /* Project object */;
}
